
Microsoft Visual Studio Solution File, Format Version 12.00
# Visual Studio 15
VisualStudioVersion = 15.0.27703.2026
MinimumVisualStudioVersion = 10.0.40219.1
Project("{9A19103F-16F7-4668-BE54-9A1E7A4F7556}") = "PortalChamados", "PortalChamados\PortalChamados.csproj", "{D440EBC1-CD60-4793-A4C4-21B84C67CE10}"
EndProject
Project("{9A19103F-16F7-4668-BE54-9A1E7A4F7556}") = "Domain", "Domain\Domain.csproj", "{3DF83549-C123-4509-B5B3-22D59131C6A1}"
EndProject
Project("{9A19103F-16F7-4668-BE54-9A1E7A4F7556}") = "Data", "Data\Data.csproj", "{CE17CB89-33E8-4AAA-A275-24FD0DF18333}"
EndProject
Project("{9A19103F-16F7-4668-BE54-9A1E7A4F7556}") = "Test", "Test\Test.csproj", "{E0D8D39B-5039-48C8-B6FF-C9E372238298}"
EndProject
Project("{9A19103F-16F7-4668-BE54-9A1E7A4F7556}") = "BaseApiArchitecture", "..\BaseApiArchitecture\BaseApiArchitecture\BaseApiArchitecture.csproj", "{8B9F60EA-D06D-4ECB-B24C-E6573E30F74F}"
EndProject
Global
	GlobalSection(SolutionConfigurationPlatforms) = preSolution
		Debug|Any CPU = Debug|Any CPU
		Release|Any CPU = Release|Any CPU
	EndGlobalSection
	GlobalSection(ProjectConfigurationPlatforms) = postSolution
		{D440EBC1-CD60-4793-A4C4-21B84C67CE10}.Debug|Any CPU.ActiveCfg = Debug|Any CPU
		{D440EBC1-CD60-4793-A4C4-21B84C67CE10}.Debug|Any CPU.Build.0 = Debug|Any CPU
		{D440EBC1-CD60-4793-A4C4-21B84C67CE10}.Release|Any CPU.ActiveCfg = Release|Any CPU
		{D440EBC1-CD60-4793-A4C4-21B84C67CE10}.Release|Any CPU.Build.0 = Release|Any CPU
		{3DF83549-C123-4509-B5B3-22D59131C6A1}.Debug|Any CPU.ActiveCfg = Debug|Any CPU
		{3DF83549-C123-4509-B5B3-22D59131C6A1}.Debug|Any CPU.Build.0 = Debug|Any CPU
		{3DF83549-C123-4509-B5B3-22D59131C6A1}.Release|Any CPU.ActiveCfg = Release|Any CPU
		{3DF83549-C123-4509-B5B3-22D59131C6A1}.Release|Any CPU.Build.0 = Release|Any CPU
		{CE17CB89-33E8-4AAA-A275-24FD0DF18333}.Debug|Any CPU.ActiveCfg = Debug|Any CPU
		{CE17CB89-33E8-4AAA-A275-24FD0DF18333}.Debug|Any CPU.Build.0 = Debug|Any CPU
		{CE17CB89-33E8-4AAA-A275-24FD0DF18333}.Release|Any CPU.ActiveCfg = Release|Any CPU
		{CE17CB89-33E8-4AAA-A275-24FD0DF18333}.Release|Any CPU.Build.0 = Release|Any CPU
		{E0D8D39B-5039-48C8-B6FF-C9E372238298}.Debug|Any CPU.ActiveCfg = Debug|Any CPU
		{E0D8D39B-5039-48C8-B6FF-C9E372238298}.Debug|Any CPU.Build.0 = Debug|Any CPU
		{E0D8D39B-5039-48C8-B6FF-C9E372238298}.Release|Any CPU.ActiveCfg = Release|Any CPU
		{E0D8D39B-5039-48C8-B6FF-C9E372238298}.Release|Any CPU.Build.0 = Release|Any CPU
		{8B9F60EA-D06D-4ECB-B24C-E6573E30F74F}.Debug|Any CPU.ActiveCfg = Debug|Any CPU
		{8B9F60EA-D06D-4ECB-B24C-E6573E30F74F}.Debug|Any CPU.Build.0 = Debug|Any CPU
		{8B9F60EA-D06D-4ECB-B24C-E6573E30F74F}.Release|Any CPU.ActiveCfg = Release|Any CPU
		{8B9F60EA-D06D-4ECB-B24C-E6573E30F74F}.Release|Any CPU.Build.0 = Release|Any CPU
	EndGlobalSection
	GlobalSection(SolutionProperties) = preSolution
		HideSolutionNode = FALSE
	EndGlobalSection
	GlobalSection(ExtensibilityGlobals) = postSolution
		SolutionGuid = {23C397DF-A350-4344-B1E5-CF53D30C8F40}
	EndGlobalSection
EndGlobal
